
Microsoft Visual Studio Solution File, Format Version 12.00
# Visual Studio Version 16
VisualStudioVersion = 16.0.30611.23
MinimumVisualStudioVersion = 10.0.40219.1
Project("{FAE04EC0-301F-11D3-BF4B-00C04F79EFBC}") = "WPF-GUI-Demo", "WPF-GUI-Demo\WPF-GUI-Demo.csproj", "{2D73F0AF-A45B-4517-8050-5967D023BB77}"
EndProject
Project("{54435603-DBB4-11D2-8724-00A0C9A8B90C}") = "WPF-GUI-Setup", "WPF-GUI-Setup\WPF-GUI-Setup.vdproj", "{26B17041-2A1B-411C-B594-3D8475BC4964}"
EndProject
Global
	GlobalSection(SolutionConfigurationPlatforms) = preSolution
		Debug|Any CPU = Debug|Any CPU
		Release|Any CPU = Release|Any CPU
	EndGlobalSection
	GlobalSection(ProjectConfigurationPlatforms) = postSolution
		{2D73F0AF-A45B-4517-8050-5967D023BB77}.Debug|Any CPU.ActiveCfg = Debug|Any CPU
		{2D73F0AF-A45B-4517-8050-5967D023BB77}.Debug|Any CPU.Build.0 = Debug|Any CPU
		{2D73F0AF-A45B-4517-8050-5967D023BB77}.Release|Any CPU.ActiveCfg = Release|Any CPU
		{2D73F0AF-A45B-4517-8050-5967D023BB77}.Release|Any CPU.Build.0 = Release|Any CPU
		{26B17041-2A1B-411C-B594-3D8475BC4964}.Debug|Any CPU.ActiveCfg = Debug
		{26B17041-2A1B-411C-B594-3D8475BC4964}.Release|Any CPU.ActiveCfg = Release
	EndGlobalSection
	GlobalSection(SolutionProperties) = preSolution
		HideSolutionNode = FALSE
	EndGlobalSection
	GlobalSection(ExtensibilityGlobals) = postSolution
		SolutionGuid = {7D3B558C-D516-45EE-A70B-0F5FCE2CBCF2}
	EndGlobalSection
EndGlobal
